hash: f3155337d89beb00b2a694fde9411e58e92251aebe8a43ae81d0e062fdf81cd0
updated: 2018-03-08T10:11:37.122627+01:00
imports:
- name: github.com/ghodss/yaml
  version: 0ca9ea5df5451ffdf184b4428c902747c2c11cd7
- name: github.com/giantswarm/microerror
  version: 325932fa68e70dd4464598f11e2f710ac1aaec46
- name: github.com/juju/errgo
  version: 08cceb5d0b5331634b9826762a8fd53b29b86ad8
- name: github.com/spf13/cast
  version: 8965335b8c7107321228e3e3702cab9832751bac
- name: golang.org/x/crypto
  version: 85f98707c97e11569271e4d9b3d397e079c4f4d0
  subpackages:
  - cast5
  - openpgp
  - openpgp/armor
  - openpgp/elgamal
  - openpgp/errors
  - openpgp/packet
  - openpgp/s2k
- name: gopkg.in/yaml.v2
  version: 7f97868eec74b32b0982dd158a51a446d1da7eb5
testImports: []
