hash: 4695158acc7efa0cd5dfef5a681a2597c773038c1cd83976f6a606506a50d46e
updated: 2017-07-27T17:10:08.052631521+02:00
imports:
- name: github.com/ghodss/yaml
  version: 0ca9ea5df5451ffdf184b4428c902747c2c11cd7
- name: github.com/giantswarm/microerror
  version: 7bf6a0a6d24b1e3a03af3ed3a8e3531d792ea3e3
- name: github.com/juju/errgo
  version: 08cceb5d0b5331634b9826762a8fd53b29b86ad8
- name: github.com/spf13/cast
  version: acbeb36b902d72a7a4c18e8f3241075e7ab763e4
- name: golang.org/x/crypto
  version: 69be088f860613049aa58c65154d1b1d32bbdf90
  subpackages:
  - cast5
  - openpgp
  - openpgp/armor
  - openpgp/elgamal
  - openpgp/errors
  - openpgp/packet
  - openpgp/s2k
- name: gopkg.in/yaml.v1
  version: 9f9df34309c04878acc86042b16630b0f696e1de
- name: gopkg.in/yaml.v2
  version: 25c4ec802a7d637f88d584ab26798e94ad14c13b
testImports: []
